
Microsoft Visual Studio Solution File, Format Version 12.00
# Visual Studio 2012
Project("{FAE04EC0-301F-11D3-BF4B-00C04F79EFBC}") = "Raspberry.IO.InterIntegratedCircuit", "Raspberry.IO.InterIntegratedCircuit\Raspberry.IO.InterIntegratedCircuit.csproj", "{63B8403E-BC56-43F9-A045-F61ECC3871F3}"
EndProject
Project("{FAE04EC0-301F-11D3-BF4B-00C04F79EFBC}") = "GrovePiTest", "Raspberry.GrovePi\GrovePiTest.csproj", "{26CA7B66-2546-4FD8-86DF-EE2171C8349F}"
EndProject
Project("{9344BDBB-3E7F-41FC-A0DD-8665D75EE146}") = "Packages", "Packages.mdproj", "{CAD828D9-BE50-4E31-AA40-A609F2EB4135}"
EndProject
Project("{FAE04EC0-301F-11D3-BF4B-00C04F79EFBC}") = "Raspberry.GrovePi", "Raspberry.GrovePi\Raspberry.GrovePi.csproj", "{CAEEF666-245B-453F-9CEB-7DEF9FC638F6}"
EndProject
Global
	GlobalSection(SolutionConfigurationPlatforms) = preSolution
		Debug|Any CPU = Debug|Any CPU
		Release|Any CPU = Release|Any CPU
		Debug|x86 = Debug|x86
		Release|x86 = Release|x86
	EndGlobalSection
	GlobalSection(ProjectConfigurationPlatforms) = postSolution
		{26CA7B66-2546-4FD8-86DF-EE2171C8349F}.Debug|Any CPU.ActiveCfg = Debug|x86
		{26CA7B66-2546-4FD8-86DF-EE2171C8349F}.Debug|Any CPU.Build.0 = Debug|x86
		{26CA7B66-2546-4FD8-86DF-EE2171C8349F}.Debug|x86.ActiveCfg = Debug|x86
		{26CA7B66-2546-4FD8-86DF-EE2171C8349F}.Debug|x86.Build.0 = Debug|x86
		{26CA7B66-2546-4FD8-86DF-EE2171C8349F}.Release|Any CPU.ActiveCfg = Release|x86
		{26CA7B66-2546-4FD8-86DF-EE2171C8349F}.Release|Any CPU.Build.0 = Release|x86
		{26CA7B66-2546-4FD8-86DF-EE2171C8349F}.Release|x86.ActiveCfg = Release|x86
		{26CA7B66-2546-4FD8-86DF-EE2171C8349F}.Release|x86.Build.0 = Release|x86
		{63B8403E-BC56-43F9-A045-F61ECC3871F3}.Debug|Any CPU.ActiveCfg = Debug|Any CPU
		{63B8403E-BC56-43F9-A045-F61ECC3871F3}.Debug|Any CPU.Build.0 = Debug|Any CPU
		{63B8403E-BC56-43F9-A045-F61ECC3871F3}.Debug|x86.ActiveCfg = Debug|Any CPU
		{63B8403E-BC56-43F9-A045-F61ECC3871F3}.Debug|x86.Build.0 = Debug|Any CPU
		{63B8403E-BC56-43F9-A045-F61ECC3871F3}.Release|Any CPU.ActiveCfg = Release|Any CPU
		{63B8403E-BC56-43F9-A045-F61ECC3871F3}.Release|Any CPU.Build.0 = Release|Any CPU
		{63B8403E-BC56-43F9-A045-F61ECC3871F3}.Release|x86.ActiveCfg = Release|Any CPU
		{63B8403E-BC56-43F9-A045-F61ECC3871F3}.Release|x86.Build.0 = Release|Any CPU
		{CAD828D9-BE50-4E31-AA40-A609F2EB4135}.Debug|Any CPU.ActiveCfg = Debug|Any CPU
		{CAD828D9-BE50-4E31-AA40-A609F2EB4135}.Debug|x86.ActiveCfg = Debug|Any CPU
		{CAD828D9-BE50-4E31-AA40-A609F2EB4135}.Release|Any CPU.ActiveCfg = Release|Any CPU
		{CAD828D9-BE50-4E31-AA40-A609F2EB4135}.Release|x86.ActiveCfg = Release|Any CPU
		{CAEEF666-245B-453F-9CEB-7DEF9FC638F6}.Debug|Any CPU.ActiveCfg = Debug|Any CPU
		{CAEEF666-245B-453F-9CEB-7DEF9FC638F6}.Debug|Any CPU.Build.0 = Debug|Any CPU
		{CAEEF666-245B-453F-9CEB-7DEF9FC638F6}.Debug|x86.ActiveCfg = Debug|Any CPU
		{CAEEF666-245B-453F-9CEB-7DEF9FC638F6}.Debug|x86.Build.0 = Debug|Any CPU
		{CAEEF666-245B-453F-9CEB-7DEF9FC638F6}.Release|Any CPU.ActiveCfg = Release|Any CPU
		{CAEEF666-245B-453F-9CEB-7DEF9FC638F6}.Release|Any CPU.Build.0 = Release|Any CPU
		{CAEEF666-245B-453F-9CEB-7DEF9FC638F6}.Release|x86.ActiveCfg = Release|Any CPU
		{CAEEF666-245B-453F-9CEB-7DEF9FC638F6}.Release|x86.Build.0 = Release|Any CPU
	EndGlobalSection
EndGlobal
