
Microsoft Visual Studio Solution File, Format Version 12.00
# Visual Studio 2012
Project("{FAE04EC0-301F-11D3-BF4B-00C04F79EFBC}") = "GrovePi", "GrovePiDotNet\GrovePi.csproj", "{3BEC5898-066B-4A90-83AC-6D1DAD5C7130}"
EndProject
Global
	GlobalSection(SolutionConfigurationPlatforms) = preSolution
		Debug|Any CPU = Debug|Any CPU
		Release|Any CPU = Release|Any CPU
	EndGlobalSection
	GlobalSection(ProjectConfigurationPlatforms) = postSolution
		{3BEC5898-066B-4A90-83AC-6D1DAD5C7130}.Debug|Any CPU.ActiveCfg = Debug|Any CPU
		{3BEC5898-066B-4A90-83AC-6D1DAD5C7130}.Debug|Any CPU.Build.0 = Debug|Any CPU
		{3BEC5898-066B-4A90-83AC-6D1DAD5C7130}.Release|Any CPU.ActiveCfg = Release|Any CPU
		{3BEC5898-066B-4A90-83AC-6D1DAD5C7130}.Release|Any CPU.Build.0 = Release|Any CPU
	EndGlobalSection
EndGlobal
